Microsoft Visual Studio Solution File, Format Version 12.00
# Visual Studio Version 17
VisualStudioVersion = 17.10.35013.160
MinimumVisualStudioVersion = 10.0.40219.1
Project("{9A19103F-16F7-4668-BE54-9A1E7A4F7556}") = "SoundReborn.Core", "src\SoundReborn.Core\SoundReborn.Core.csproj", "{1D2B7A3C-4E55-4A21-9C3F-0B1A55E90001}"
EndProject
Project("{9A19103F-16F7-4668-BE54-9A1E7A4F7556}") = "SoundRebornRemote.App", "src\SoundRebornRemote.App\SoundRebornRemote.App.csproj", "{1D2B7A3C-4E55-4A21-9C3F-0B1A55E90002}"
EndProject
Global
	GlobalSection(SolutionConfigurationPlatforms) = preSolution
		Debug|Any CPU = Debug|Any CPU
		Release|Any CPU = Release|Any CPU
	EndGlobalSection
	GlobalSection(ProjectConfigurationPlatforms) = postSolution
		{1D2B7A3C-4E55-4A21-9C3F-0B1A55E90001}.Debug|Any CPU.ActiveCfg = Debug|Any CPU
		{1D2B7A3C-4E55-4A21-9C3F-0B1A55E90001}.Debug|Any CPU.Build.0 = Debug|Any CPU
		{1D2B7A3C-4E55-4A21-9C3F-0B1A55E90001}.Release|Any CPU.ActiveCfg = Release|Any CPU
		{1D2B7A3C-4E55-4A21-9C3F-0B1A55E90001}.Release|Any CPU.Build.0 = Release|Any CPU
		{1D2B7A3C-4E55-4A21-9C3F-0B1A55E90002}.Debug|Any CPU.ActiveCfg = Debug|Any CPU
		{1D2B7A3C-4E55-4A21-9C3F-0B1A55E90002}.Debug|Any CPU.Build.0 = Debug|Any CPU
		{1D2B7A3C-4E55-4A21-9C3F-0B1A55E90002}.Debug|Any CPU.Deploy.0 = Debug|Any CPU
		{1D2B7A3C-4E55-4A21-9C3F-0B1A55E90002}.Release|Any CPU.ActiveCfg = Release|Any CPU
		{1D2B7A3C-4E55-4A21-9C3F-0B1A55E90002}.Release|Any CPU.Build.0 = Release|Any CPU
		{1D2B7A3C-4E55-4A21-9C3F-0B1A55E90002}.Release|Any CPU.Deploy.0 = Release|Any CPU
	EndGlobalSection
	GlobalSection(SolutionProperties) = preSolution
		HideSolutionNode = FALSE
	EndGlobalSection
EndGlobal
